# @generated - this file is auto-generated by `mise lock` https://mise.jdx.dev/dev-tools/mise-lock.html

[[tools.lychee]]
version = "0.23.0"
backend = "aqua:lycheeverse/lychee"

[tools.lychee."platforms.linux-arm64"]
checksum = "sha256:97eb93b02a7d78a752fc33e5b0983439ccaadbf3db952b68a0a4401acd92e6e0"
url = "https://github.com/lycheeverse/lychee/releases/download/lychee-v0.23.0/lychee-aarch64-unknown-linux-gnu.tar.gz"

[tools.lychee."platforms.linux-arm64-musl"]
checksum = "sha256:97eb93b02a7d78a752fc33e5b0983439ccaadbf3db952b68a0a4401acd92e6e0"
url = "https://github.com/lycheeverse/lychee/releases/download/lychee-v0.23.0/lychee-aarch64-unknown-linux-gnu.tar.gz"

[tools.lychee."platforms.linux-x64"]
checksum = "sha256:5538440d2c69a45a0a09983271e5dee0c2fe7137d8035d25b2632e10a66a090a"
url = "https://github.com/lycheeverse/lychee/releases/download/lychee-v0.23.0/lychee-x86_64-unknown-linux-musl.tar.gz"

[tools.lychee."platforms.linux-x64-musl"]
checksum = "sha256:5538440d2c69a45a0a09983271e5dee0c2fe7137d8035d25b2632e10a66a090a"
url = "https://github.com/lycheeverse/lychee/releases/download/lychee-v0.23.0/lychee-x86_64-unknown-linux-musl.tar.gz"

[tools.lychee."platforms.macos-arm64"]
checksum = "sha256:4c8034900e11083b68ac6f6582c377ff1f704e268991999e09d717973e493e7f"
url = "https://github.com/lycheeverse/lychee/releases/download/lychee-v0.23.0/lychee-arm64-macos.dmg"

[tools.lychee."platforms.windows-x64"]
checksum = "sha256:0fda7ff0a60c0250939fc25361c2d4e6e7853c31c996733fdd5a1dd760bcb824"
url = "https://github.com/lycheeverse/lychee/releases/download/lychee-v0.23.0/lychee-x86_64-windows.exe"
